
Microsoft Visual Studio Solution File, Format Version 12.00
# Visual Studio Version 17
VisualStudioVersion = 17.0.31912.275
MinimumVisualStudioVersion = 10.0.40219.1
Project("{9A19103F-16F7-4668-BE54-9A1E7A4F7556}") = "KeyVault.Acmebot", "KeyVault.Acmebot\KeyVault.Acmebot.csproj", "{81F62D09-D16D-4B0C-9DAE-C075580F5021}"
EndProject
Project("{9A19103F-16F7-4668-BE54-9A1E7A4F7556}") = "ACMESharp", "ACMESharpCore\src\ACMESharp\ACMESharp.csproj", "{D3EF8B70-76B6-457F-89BE-37835D078425}"
EndProject
Global
	GlobalSection(SolutionConfigurationPlatforms) = preSolution
		Debug|Any CPU = Debug|Any CPU
		Release|Any CPU = Release|Any CPU
	EndGlobalSection
	GlobalSection(ProjectConfigurationPlatforms) = postSolution
		{81F62D09-D16D-4B0C-9DAE-C075580F5021}.Debug|Any CPU.ActiveCfg = Debug|Any CPU
		{81F62D09-D16D-4B0C-9DAE-C075580F5021}.Debug|Any CPU.Build.0 = Debug|Any CPU
		{81F62D09-D16D-4B0C-9DAE-C075580F5021}.Release|Any CPU.ActiveCfg = Release|Any CPU
		{81F62D09-D16D-4B0C-9DAE-C075580F5021}.Release|Any CPU.Build.0 = Release|Any CPU
		{D3EF8B70-76B6-457F-89BE-37835D078425}.Debug|Any CPU.ActiveCfg = Debug|Any CPU
		{D3EF8B70-76B6-457F-89BE-37835D078425}.Debug|Any CPU.Build.0 = Debug|Any CPU
		{D3EF8B70-76B6-457F-89BE-37835D078425}.Release|Any CPU.ActiveCfg = Release|Any CPU
		{D3EF8B70-76B6-457F-89BE-37835D078425}.Release|Any CPU.Build.0 = Release|Any CPU
	EndGlobalSection
	GlobalSection(SolutionProperties) = preSolution
		HideSolutionNode = FALSE
	EndGlobalSection
	GlobalSection(ExtensibilityGlobals) = postSolution
		SolutionGuid = {84335610-C357-42B9-BC67-393B987B1632}
	EndGlobalSection
EndGlobal
